// !$*UTF8*$!
{
	archiveVersion = 1;
	classes = {
	};
	objectVersion = 50;
	objects = {

/* Begin PBXBuildFile section */
		D885842B23C0E162009266DE /* chargeNowController.swift in Sources */ = {isa = PBXBuildFile; fileRef = D885842A23C0E162009266DE /* chargeNowController.swift */; };
		D885842D23C0E19B009266DE /* cellModel.swift in Sources */ = {isa = PBXBuildFile; fileRef = D885842C23C0E19B009266DE /* cellModel.swift */; };
		D885842F23C0E1C4009266DE /* markAsCardPaymentsButton.swift in Sources */ = {isa = PBXBuildFile; fileRef = D885842E23C0E1C4009266DE /* markAsCardPaymentsButton.swift */; };
		D885843123C0E1EF009266DE /* paymentsButtonTableviewCell.swift in Sources */ = {isa = PBXBuildFile; fileRef = D885843023C0E1EF009266DE /* paymentsButtonTableviewCell.swift */; };
		D89C0DC023BB0A2D00CF32F9 /* ActionDrawerController.swift in Sources */ = {isa = PBXBuildFile; fileRef = D89C0DBF23BB0A2D00CF32F9 /* ActionDrawerController.swift */; };
		D89C0DC323BB116200CF32F9 /* actionBarCellCollectionViewCell.swift in Sources */ = {isa = PBXBuildFile; fileRef = D89C0DC223BB116200CF32F9 /* actionBarCellCollectionViewCell.swift */; };
		D89C0DC723BB130600CF32F9 /* actionDrawerItem.swift in Sources */ = {isa = PBXBuildFile; fileRef = D89C0DC623BB130600CF32F9 /* actionDrawerItem.swift */; };
		D89C0DC923BDEACE00CF32F9 /* extensions.swift in Sources */ = {isa = PBXBuildFile; fileRef = D89C0DC823BDEACE00CF32F9 /* extensions.swift */; };
		D89C0DCB23BDF48800CF32F9 /* Theme.swift in Sources */ = {isa = PBXBuildFile; fileRef = D89C0DCA23BDF48800CF32F9 /* Theme.swift */; };
		D89C0DCD23BE24AD00CF32F9 /* ChargeNowControllerViewController.swift in Sources */ = {isa = PBXBuildFile; fileRef = D89C0DCC23BE24AD00CF32F9 /* ChargeNowControllerViewController.swift */; };
		D8B2A20323CDEB3F00595BB2 /* HomeViewController.swift in Sources */ = {isa = PBXBuildFile; fileRef = D8B2A20223CDEB3F00595BB2 /* HomeViewController.swift */; };
		D8B2A20A23CDEBD800595BB2 /* homeCellModel.swift in Sources */ = {isa = PBXBuildFile; fileRef = D8B2A20823CDEBD800595BB2 /* homeCellModel.swift */; };
		D8B2A20B23CDEBD800595BB2 /* BankTransferModel.swift in Sources */ = {isa = PBXBuildFile; fileRef = D8B2A20923CDEBD800595BB2 /* BankTransferModel.swift */; };
		D8B2A21723CDEBE400595BB2 /* NextAppointmentEmptyCell.swift in Sources */ = {isa = PBXBuildFile; fileRef = D8B2A20F23CDEBE400595BB2 /* NextAppointmentEmptyCell.swift */; };
		D8B2A21823CDEBE400595BB2 /* TodaysPaymentsCell.swift in Sources */ = {isa = PBXBuildFile; fileRef = D8B2A21023CDEBE400595BB2 /* TodaysPaymentsCell.swift */; };
		D8B2A21923CDEBE400595BB2 /* SubscriptionsAndPacksCell.swift in Sources */ = {isa = PBXBuildFile; fileRef = D8B2A21123CDEBE400595BB2 /* SubscriptionsAndPacksCell.swift */; };
		D8B2A21A23CDEBE400595BB2 /* DateCell.swift in Sources */ = {isa = PBXBuildFile; fileRef = D8B2A21223CDEBE400595BB2 /* DateCell.swift */; };
		D8B2A21B23CDEBE400595BB2 /* TrialCell.swift in Sources */ = {isa = PBXBuildFile; fileRef = D8B2A21323CDEBE400595BB2 /* TrialCell.swift */; };
		D8B2A21C23CDEBE400595BB2 /* BankTransferEmptyCell.swift in Sources */ = {isa = PBXBuildFile; fileRef = D8B2A21423CDEBE400595BB2 /* BankTransferEmptyCell.swift */; };
		D8B2A21D23CDEBE400595BB2 /* BankTransferSectionCell.swift in Sources */ = {isa = PBXBuildFile; fileRef = D8B2A21523CDEBE400595BB2 /* BankTransferSectionCell.swift */; };
		D8B2A21E23CDEBE400595BB2 /* TodaysOnlineBookingAvailabilityEmptyCell.swift in Sources */ = {isa = PBXBuildFile; fileRef = D8B2A21623CDEBE400595BB2 /* TodaysOnlineBookingAvailabilityEmptyCell.swift */; };
		D8DD0FED23BA1D450078684A /* AppDelegate.swift in Sources */ = {isa = PBXBuildFile; fileRef = D8DD0FEC23BA1D450078684A /* AppDelegate.swift */; };
		D8DD0FEF23BA1D450078684A /* SceneDelegate.swift in Sources */ = {isa = PBXBuildFile; fileRef = D8DD0FEE23BA1D450078684A /* SceneDelegate.swift */; };
		D8DD0FF123BA1D450078684A /* ContainerController.swift in Sources */ = {isa = PBXBuildFile; fileRef = D8DD0FF023BA1D450078684A /* ContainerController.swift */; };
		D8DD0FF623BA1D4D0078684A /* Assets.xcassets in Resources */ = {isa = PBXBuildFile; fileRef = D8DD0FF523BA1D4D0078684A /* Assets.xcassets */; };
		D8DD100123BA1F290078684A /* baseController.swift in Sources */ = {isa = PBXBuildFile; fileRef = D8DD100023BA1F290078684A /* baseController.swift */; };
		D8DD100323BA22880078684A /* TabbedVc1.swift in Sources */ = {isa = PBXBuildFile; fileRef = D8DD100223BA22880078684A /* TabbedVc1.swift */; };
		D8DD100523BA229D0078684A /* TabbedVc2.swift in Sources */ = {isa = PBXBuildFile; fileRef = D8DD100423BA229D0078684A /* TabbedVc2.swift */; };
		D8DD100823BA22BC0078684A /* TabbedVc3.swift in Sources */ = {isa = PBXBuildFile; fileRef = D8DD100723BA22BC0078684A /* TabbedVc3.swift */; };
		D8DD100A23BA22D00078684A /* TabbedVc4.swift in Sources */ = {isa = PBXBuildFile; fileRef = D8DD100923BA22D00078684A /* TabbedVc4.swift */; };
		D8DD100C23BA22E00078684A /* TabbedVc5.swift in Sources */ = {isa = PBXBuildFile; fileRef = D8DD100B23BA22E00078684A /* TabbedVc5.swift */; };
		D8DD100E23BA288B0078684A /* protocols.swift in Sources */ = {isa = PBXBuildFile; fileRef = D8DD100D23BA288B0078684A /* protocols.swift */; };
		D8DD101023BA29C20078684A /* MenuController.swift in Sources */ = {isa = PBXBuildFile; fileRef = D8DD100F23BA29C20078684A /* MenuController.swift */; };
		D8DD101223BA2ECF0078684A /* Main.storyboard in Resources */ = {isa = PBXBuildFile; fileRef = D8DD101123BA2ECE0078684A /* Main.storyboard */; };
/* End PBXBuildFile section */

/* Begin PBXFileReference section */
		D885842A23C0E162009266DE /* chargeNowController.swift */ = {isa = PBXFileReference; lastKnownFileType = sourcecode.swift; path = chargeNowController.swift; sourceTree = "<group>"; };
		D885842C23C0E19B009266DE /* cellModel.swift */ = {isa = PBXFileReference; lastKnownFileType = sourcecode.swift; path = cellModel.swift; sourceTree = "<group>"; };
		D885842E23C0E1C4009266DE /* markAsCardPaymentsButton.swift */ = {isa = PBXFileReference; lastKnownFileType = sourcecode.swift; path = markAsCardPaymentsButton.swift; sourceTree = "<group>"; };
		D885843023C0E1EF009266DE /* paymentsButtonTableviewCell.swift */ = {isa = PBXFileReference; lastKnownFileType = sourcecode.swift; path = paymentsButtonTableviewCell.swift; sourceTree = "<group>"; };
		D89C0DBF23BB0A2D00CF32F9 /* ActionDrawerController.swift */ = {isa = PBXFileReference; lastKnownFileType = sourcecode.swift; path = ActionDrawerController.swift; sourceTree = "<group>"; };
		D89C0DC223BB116200CF32F9 /* actionBarCellCollectionViewCell.swift */ = {isa = PBXFileReference; lastKnownFileType = sourcecode.swift; path = actionBarCellCollectionViewCell.swift; sourceTree = "<group>"; };
		D89C0DC623BB130600CF32F9 /* actionDrawerItem.swift */ = {isa = PBXFileReference; lastKnownFileType = sourcecode.swift; path = actionDrawerItem.swift; sourceTree = "<group>"; };
		D89C0DC823BDEACE00CF32F9 /* extensions.swift */ = {isa = PBXFileReference; lastKnownFileType = sourcecode.swift; path = extensions.swift; sourceTree = "<group>"; };
		D89C0DCA23BDF48800CF32F9 /* Theme.swift */ = {isa = PBXFileReference; lastKnownFileType = sourcecode.swift; path = Theme.swift; sourceTree = "<group>"; };
		D89C0DCC23BE24AD00CF32F9 /* ChargeNowControllerViewController.swift */ = {isa = PBXFileReference; lastKnownFileType = sourcecode.swift; path = ChargeNowControllerViewController.swift; sourceTree = "<group>"; };
		D8B2A20223CDEB3F00595BB2 /* HomeViewController.swift */ = {isa = PBXFileReference; fileEncoding = 4; lastKnownFileType = sourcecode.swift; path = HomeViewController.swift; sourceTree = "<group>"; };
		D8B2A20823CDEBD800595BB2 /* homeCellModel.swift */ = {isa = PBXFileReference; fileEncoding = 4; lastKnownFileType = sourcecode.swift; path = homeCellModel.swift; sourceTree = "<group>"; };
		D8B2A20923CDEBD800595BB2 /* BankTransferModel.swift */ = {isa = PBXFileReference; fileEncoding = 4; lastKnownFileType = sourcecode.swift; path = BankTransferModel.swift; sourceTree = "<group>"; };
		D8B2A20F23CDEBE400595BB2 /* NextAppointmentEmptyCell.swift */ = {isa = PBXFileReference; fileEncoding = 4; lastKnownFileType = sourcecode.swift; path = NextAppointmentEmptyCell.swift; sourceTree = "<group>"; };
		D8B2A21023CDEBE400595BB2 /* TodaysPaymentsCell.swift */ = {isa = PBXFileReference; fileEncoding = 4; lastKnownFileType = sourcecode.swift; path = TodaysPaymentsCell.swift; sourceTree = "<group>"; };
		D8B2A21123CDEBE400595BB2 /* SubscriptionsAndPacksCell.swift */ = {isa = PBXFileReference; fileEncoding = 4; lastKnownFileType = sourcecode.swift; path = SubscriptionsAndPacksCell.swift; sourceTree = "<group>"; };
		D8B2A21223CDEBE400595BB2 /* DateCell.swift */ = {isa = PBXFileReference; fileEncoding = 4; lastKnownFileType = sourcecode.swift; path = DateCell.swift; sourceTree = "<group>"; };
		D8B2A21323CDEBE400595BB2 /* TrialCell.swift */ = {isa = PBXFileReference; fileEncoding = 4; lastKnownFileType = sourcecode.swift; path = TrialCell.swift; sourceTree = "<group>"; };
		D8B2A21423CDEBE400595BB2 /* BankTransferEmptyCell.swift */ = {isa = PBXFileReference; fileEncoding = 4; lastKnownFileType = sourcecode.swift; path = BankTransferEmptyCell.swift; sourceTree = "<group>"; };
		D8B2A21523CDEBE400595BB2 /* BankTransferSectionCell.swift */ = {isa = PBXFileReference; fileEncoding = 4; lastKnownFileType = sourcecode.swift; path = BankTransferSectionCell.swift; sourceTree = "<group>"; };
		D8B2A21623CDEBE400595BB2 /* TodaysOnlineBookingAvailabilityEmptyCell.swift */ = {isa = PBXFileReference; fileEncoding = 4; lastKnownFileType = sourcecode.swift; path = TodaysOnlineBookingAvailabilityEmptyCell.swift; sourceTree = "<group>"; };
		D8DD0FE923BA1D450078684A /* menu_and_tabbarcontroller.app */ = {isa = PBXFileReference; explicitFileType = wrapper.application; includeInIndex = 0; path = menu_and_tabbarcontroller.app; sourceTree = BUILT_PRODUCTS_DIR; };
		D8DD0FEC23BA1D450078684A /* AppDelegate.swift */ = {isa = PBXFileReference; lastKnownFileType = sourcecode.swift; path = AppDelegate.swift; sourceTree = "<group>"; };
		D8DD0FEE23BA1D450078684A /* SceneDelegate.swift */ = {isa = PBXFileReference; lastKnownFileType = sourcecode.swift; path = SceneDelegate.swift; sourceTree = "<group>"; };
		D8DD0FF023BA1D450078684A /* ContainerController.swift */ = {isa = PBXFileReference; lastKnownFileType = sourcecode.swift; path = ContainerController.swift; sourceTree = "<group>"; };
		D8DD0FF523BA1D4D0078684A /* Assets.xcassets */ = {isa = PBXFileReference; lastKnownFileType = folder.assetcatalog; path = Assets.xcassets; sourceTree = "<group>"; };
		D8DD0FFA23BA1D4D0078684A /* Info.plist */ = {isa = PBXFileReference; lastKnownFileType = text.plist.xml; path = Info.plist; sourceTree = "<group>"; };
		D8DD100023BA1F290078684A /* baseController.swift */ = {isa = PBXFileReference; lastKnownFileType = sourcecode.swift; path = baseController.swift; sourceTree = "<group>"; };
		D8DD100223BA22880078684A /* TabbedVc1.swift */ = {isa = PBXFileReference; lastKnownFileType = sourcecode.swift; path = TabbedVc1.swift; sourceTree = "<group>"; };
		D8DD100423BA229D0078684A /* TabbedVc2.swift */ = {isa = PBXFileReference; lastKnownFileType = sourcecode.swift; path = TabbedVc2.swift; sourceTree = "<group>"; };
		D8DD100723BA22BC0078684A /* TabbedVc3.swift */ = {isa = PBXFileReference; lastKnownFileType = sourcecode.swift; path = TabbedVc3.swift; sourceTree = "<group>"; };
		D8DD100923BA22D00078684A /* TabbedVc4.swift */ = {isa = PBXFileReference; lastKnownFileType = sourcecode.swift; path = TabbedVc4.swift; sourceTree = "<group>"; };
		D8DD100B23BA22E00078684A /* TabbedVc5.swift */ = {isa = PBXFileReference; lastKnownFileType = sourcecode.swift; path = TabbedVc5.swift; sourceTree = "<group>"; };
		D8DD100D23BA288B0078684A /* protocols.swift */ = {isa = PBXFileReference; lastKnownFileType = sourcecode.swift; path = protocols.swift; sourceTree = "<group>"; };
		D8DD100F23BA29C20078684A /* MenuController.swift */ = {isa = PBXFileReference; lastKnownFileType = sourcecode.swift; path = MenuController.swift; sourceTree = "<group>"; };
		D8DD101123BA2ECE0078684A /* Main.storyboard */ = {isa = PBXFileReference; fileEncoding = 4; lastKnownFileType = file.storyboard; path = Main.storyboard; sourceTree = "<group>"; };
/* End PBXFileReference section */

/* Begin PBXFrameworksBuildPhase section */
		D8DD0FE623BA1D450078684A /* Frameworks */ = {
			isa = PBXFrameworksBuildPhase;
			buildActionMask = 2147483647;
			files = (
			);
			runOnlyForDeploymentPostprocessing = 0;
		};
/* End PBXFrameworksBuildPhase section */

/* Begin PBXGroup section */
		D885842923C0E147009266DE /* chargeNowController */ = {
			isa = PBXGroup;
			children = (
				D885842A23C0E162009266DE /* chargeNowController.swift */,
				D885843023C0E1EF009266DE /* paymentsButtonTableviewCell.swift */,
				D885842C23C0E19B009266DE /* cellModel.swift */,
				D885842E23C0E1C4009266DE /* markAsCardPaymentsButton.swift */,
			);
			path = chargeNowController;
			sourceTree = "<group>";
		};
		D89C0DBE23BB0A0400CF32F9 /* views */ = {
			isa = PBXGroup;
			children = (
				D89C0DBF23BB0A2D00CF32F9 /* ActionDrawerController.swift */,
				D89C0DCC23BE24AD00CF32F9 /* ChargeNowControllerViewController.swift */,
			);
			path = views;
			sourceTree = "<group>";
		};
		D89C0DC123BB113A00CF32F9 /* cells */ = {
			isa = PBXGroup;
			children = (
				D89C0DC223BB116200CF32F9 /* actionBarCellCollectionViewCell.swift */,
			);
			path = cells;
			sourceTree = "<group>";
		};
		D89C0DC523BB12F200CF32F9 /* models */ = {
			isa = PBXGroup;
			children = (
				D89C0DC623BB130600CF32F9 /* actionDrawerItem.swift */,
			);
			path = models;
			sourceTree = "<group>";
		};
		D8B2A1FF23CDEAEF00595BB2 /* HomeViewController */ = {
			isa = PBXGroup;
			children = (
				D8B2A20E23CDEBE400595BB2 /* cells */,
				D8B2A20723CDEBD800595BB2 /* models */,
				D8B2A20423CDEBD200595BB2 /* protocols */,
				D8B2A20223CDEB3F00595BB2 /* HomeViewController.swift */,
			);
			path = HomeViewController;
			sourceTree = "<group>";
		};
		D8B2A20423CDEBD200595BB2 /* protocols */ = {
			isa = PBXGroup;
			children = (
			);
			path = protocols;
			sourceTree = "<group>";
		};
		D8B2A20723CDEBD800595BB2 /* models */ = {
			isa = PBXGroup;
			children = (
				D8B2A20823CDEBD800595BB2 /* homeCellModel.swift */,
				D8B2A20923CDEBD800595BB2 /* BankTransferModel.swift */,
			);
			path = models;
			sourceTree = "<group>";
		};
		D8B2A20E23CDEBE400595BB2 /* cells */ = {
			isa = PBXGroup;
			children = (
				D8B2A20F23CDEBE400595BB2 /* NextAppointmentEmptyCell.swift */,
				D8B2A21023CDEBE400595BB2 /* TodaysPaymentsCell.swift */,
				D8B2A21123CDEBE400595BB2 /* SubscriptionsAndPacksCell.swift */,
				D8B2A21223CDEBE400595BB2 /* DateCell.swift */,
				D8B2A21323CDEBE400595BB2 /* TrialCell.swift */,
				D8B2A21423CDEBE400595BB2 /* BankTransferEmptyCell.swift */,
				D8B2A21523CDEBE400595BB2 /* BankTransferSectionCell.swift */,
				D8B2A21623CDEBE400595BB2 /* TodaysOnlineBookingAvailabilityEmptyCell.swift */,
			);
			path = cells;
			sourceTree = "<group>";
		};
		D8DD0FE023BA1D450078684A = {
			isa = PBXGroup;
			children = (
				D8DD0FEB23BA1D450078684A /* menu_and_tabbarcontroller */,
				D8DD0FEA23BA1D450078684A /* Products */,
			);
			sourceTree = "<group>";
		};
		D8DD0FEA23BA1D450078684A /* Products */ = {
			isa = PBXGroup;
			children = (
				D8DD0FE923BA1D450078684A /* menu_and_tabbarcontroller.app */,
			);
			name = Products;
			sourceTree = "<group>";
		};
		D8DD0FEB23BA1D450078684A /* menu_and_tabbarcontroller */ = {
			isa = PBXGroup;
			children = (
				D8DD100D23BA288B0078684A /* protocols.swift */,
				D8DD0FEC23BA1D450078684A /* AppDelegate.swift */,
				D8DD0FEE23BA1D450078684A /* SceneDelegate.swift */,
				D8DD0FF023BA1D450078684A /* ContainerController.swift */,
				D89C0DC123BB113A00CF32F9 /* cells */,
				D89C0DBE23BB0A0400CF32F9 /* views */,
				D8DD101123BA2ECE0078684A /* Main.storyboard */,
				D8DD100623BA22A20078684A /* TabbedVc's */,
				D8DD0FF523BA1D4D0078684A /* Assets.xcassets */,
				D8DD100023BA1F290078684A /* baseController.swift */,
				D89C0DC823BDEACE00CF32F9 /* extensions.swift */,
				D8B2A1FF23CDEAEF00595BB2 /* HomeViewController */,
				D885842923C0E147009266DE /* chargeNowController */,
				D89C0DCA23BDF48800CF32F9 /* Theme.swift */,
				D8DD100F23BA29C20078684A /* MenuController.swift */,
				D89C0DC523BB12F200CF32F9 /* models */,
				D8DD0FFA23BA1D4D0078684A /* Info.plist */,
			);
			path = menu_and_tabbarcontroller;
			sourceTree = "<group>";
		};
		D8DD100623BA22A20078684A /* TabbedVc's */ = {
			isa = PBXGroup;
			children = (
				D8DD100223BA22880078684A /* TabbedVc1.swift */,
				D8DD100423BA229D0078684A /* TabbedVc2.swift */,
				D8DD100723BA22BC0078684A /* TabbedVc3.swift */,
				D8DD100923BA22D00078684A /* TabbedVc4.swift */,
				D8DD100B23BA22E00078684A /* TabbedVc5.swift */,
			);
			path = "TabbedVc's";
			sourceTree = "<group>";
		};
/* End PBXGroup section */

/* Begin PBXNativeTarget section */
		D8DD0FE823BA1D450078684A /* menu_and_tabbarcontroller */ = {
			isa = PBXNativeTarget;
			buildConfigurationList = D8DD0FFD23BA1D4D0078684A /* Build configuration list for PBXNativeTarget "menu_and_tabbarcontroller" */;
			buildPhases = (
				D8DD0FE523BA1D450078684A /* Sources */,
				D8DD0FE623BA1D450078684A /* Frameworks */,
				D8DD0FE723BA1D450078684A /* Resources */,
			);
			buildRules = (
			);
			dependencies = (
			);
			name = menu_and_tabbarcontroller;
			productName = menu_and_tabbarcontroller;
			productReference = D8DD0FE923BA1D450078684A /* menu_and_tabbarcontroller.app */;
			productType = "com.apple.product-type.application";
		};
/* End PBXNativeTarget section */

/* Begin PBXProject section */
		D8DD0FE123BA1D450078684A /* Project object */ = {
			isa = PBXProject;
			attributes = {
				LastSwiftUpdateCheck = 1130;
				LastUpgradeCheck = 1130;
				ORGANIZATIONNAME = "Ben Eblen";
				TargetAttributes = {
					D8DD0FE823BA1D450078684A = {
						CreatedOnToolsVersion = 11.3;
					};
				};
			};
			buildConfigurationList = D8DD0FE423BA1D450078684A /* Build configuration list for PBXProject "menu_and_tabbarcontroller" */;
			compatibilityVersion = "Xcode 9.3";
			developmentRegion = en;
			hasScannedForEncodings = 0;
			knownRegions = (
				en,
				Base,
			);
			mainGroup = D8DD0FE023BA1D450078684A;
			productRefGroup = D8DD0FEA23BA1D450078684A /* Products */;
			projectDirPath = "";
			projectRoot = "";
			targets = (
				D8DD0FE823BA1D450078684A /* menu_and_tabbarcontroller */,
			);
		};
/* End PBXProject section */

/* Begin PBXResourcesBuildPhase section */
		D8DD0FE723BA1D450078684A /* Resources */ = {
			isa = PBXResourcesBuildPhase;
			buildActionMask = 2147483647;
			files = (
				D8DD0FF623BA1D4D0078684A /* Assets.xcassets in Resources */,
				D8DD101223BA2ECF0078684A /* Main.storyboard in Resources */,
			);
			runOnlyForDeploymentPostprocessing = 0;
		};
/* End PBXResourcesBuildPhase section */

/* Begin PBXSourcesBuildPhase section */
		D8DD0FE523BA1D450078684A /* Sources */ = {
			isa = PBXSourcesBuildPhase;
			buildActionMask = 2147483647;
			files = (
				D8B2A21823CDEBE400595BB2 /* TodaysPaymentsCell.swift in Sources */,
				D8B2A21E23CDEBE400595BB2 /* TodaysOnlineBookingAvailabilityEmptyCell.swift in Sources */,
				D8B2A21A23CDEBE400595BB2 /* DateCell.swift in Sources */,
				D89C0DC323BB116200CF32F9 /* actionBarCellCollectionViewCell.swift in Sources */,
				D89C0DCD23BE24AD00CF32F9 /* ChargeNowControllerViewController.swift in Sources */,
				D8B2A20A23CDEBD800595BB2 /* homeCellModel.swift in Sources */,
				D8B2A21C23CDEBE400595BB2 /* BankTransferEmptyCell.swift in Sources */,
				D89C0DC723BB130600CF32F9 /* actionDrawerItem.swift in Sources */,
				D8B2A21923CDEBE400595BB2 /* SubscriptionsAndPacksCell.swift in Sources */,
				D8B2A20B23CDEBD800595BB2 /* BankTransferModel.swift in Sources */,
				D8DD0FF123BA1D450078684A /* ContainerController.swift in Sources */,
				D8B2A21723CDEBE400595BB2 /* NextAppointmentEmptyCell.swift in Sources */,
				D8DD100A23BA22D00078684A /* TabbedVc4.swift in Sources */,
				D8B2A21D23CDEBE400595BB2 /* BankTransferSectionCell.swift in Sources */,
				D8DD100823BA22BC0078684A /* TabbedVc3.swift in Sources */,
				D89C0DC923BDEACE00CF32F9 /* extensions.swift in Sources */,
				D8B2A20323CDEB3F00595BB2 /* HomeViewController.swift in Sources */,
				D8DD100E23BA288B0078684A /* protocols.swift in Sources */,
				D8DD100523BA229D0078684A /* TabbedVc2.swift in Sources */,
				D8B2A21B23CDEBE400595BB2 /* TrialCell.swift in Sources */,
				D8DD101023BA29C20078684A /* MenuController.swift in Sources */,
				D885842B23C0E162009266DE /* chargeNowController.swift in Sources */,
				D885842F23C0E1C4009266DE /* markAsCardPaymentsButton.swift in Sources */,
				D89C0DCB23BDF48800CF32F9 /* Theme.swift in Sources */,
				D8DD100323BA22880078684A /* TabbedVc1.swift in Sources */,
				D885843123C0E1EF009266DE /* paymentsButtonTableviewCell.swift in Sources */,
				D885842D23C0E19B009266DE /* cellModel.swift in Sources */,
				D8DD0FED23BA1D450078684A /* AppDelegate.swift in Sources */,
				D8DD100C23BA22E00078684A /* TabbedVc5.swift in Sources */,
				D8DD100123BA1F290078684A /* baseController.swift in Sources */,
				D89C0DC023BB0A2D00CF32F9 /* ActionDrawerController.swift in Sources */,
				D8DD0FEF23BA1D450078684A /* SceneDelegate.swift in Sources */,
			);
			runOnlyForDeploymentPostprocessing = 0;
		};
/* End PBXSourcesBuildPhase section */

/* Begin XCBuildConfiguration section */
		D8DD0FFB23BA1D4D0078684A /* Debug */ = {
			isa = XCBuildConfiguration;
			buildSettings = {
				ALWAYS_SEARCH_USER_PATHS = NO;
				CLANG_ANALYZER_NONNULL = YES;
				CLANG_ANALYZER_NUMBER_OBJECT_CONVERSION = YES_AGGRESSIVE;
				CLANG_CXX_LANGUAGE_STANDARD = "gnu++14";
				CLANG_CXX_LIBRARY = "libc++";
				CLANG_ENABLE_MODULES = YES;
				CLANG_ENABLE_OBJC_ARC = YES;
				CLANG_ENABLE_OBJC_WEAK = YES;
				CLANG_WARN_BLOCK_CAPTURE_AUTORELEASING = YES;
				CLANG_WARN_BOOL_CONVERSION = YES;
				CLANG_WARN_COMMA = YES;
				CLANG_WARN_CONSTANT_CONVERSION = YES;
				CLANG_WARN_DEPRECATED_OBJC_IMPLEMENTATIONS = YES;
				CLANG_WARN_DIRECT_OBJC_ISA_USAGE = YES_ERROR;
				CLANG_WARN_DOCUMENTATION_COMMENTS = YES;
				CLANG_WARN_EMPTY_BODY = YES;
				CLANG_WARN_ENUM_CONVERSION = YES;
				CLANG_WARN_INFINITE_RECURSION = YES;
				CLANG_WARN_INT_CONVERSION = YES;
				CLANG_WARN_NON_LITERAL_NULL_CONVERSION = YES;
				CLANG_WARN_OBJC_IMPLICIT_RETAIN_SELF = YES;
				CLANG_WARN_OBJC_LITERAL_CONVERSION = YES;
				CLANG_WARN_OBJC_ROOT_CLASS = YES_ERROR;
				CLANG_WARN_RANGE_LOOP_ANALYSIS = YES;
				CLANG_WARN_STRICT_PROTOTYPES = YES;
				CLANG_WARN_SUSPICIOUS_MOVE = YES;
				CLANG_WARN_UNGUARDED_AVAILABILITY = YES_AGGRESSIVE;
				CLANG_WARN_UNREACHABLE_CODE = YES;
				CLANG_WARN__DUPLICATE_METHOD_MATCH = YES;
				COPY_PHASE_STRIP = NO;
				DEBUG_INFORMATION_FORMAT = dwarf;
				ENABLE_STRICT_OBJC_MSGSEND = YES;
				ENABLE_TESTABILITY = YES;
				GCC_C_LANGUAGE_STANDARD = gnu11;
				GCC_DYNAMIC_NO_PIC = NO;
				GCC_NO_COMMON_BLOCKS = YES;
				GCC_OPTIMIZATION_LEVEL = 0;
				GCC_PREPROCESSOR_DEFINITIONS = (
					"DEBUG=1",
					"$(inherited)",
				);
				GCC_WARN_64_TO_32_BIT_CONVERSION = YES;
				GCC_WARN_ABOUT_RETURN_TYPE = YES_ERROR;
				GCC_WARN_UNDECLARED_SELECTOR = YES;
				GCC_WARN_UNINITIALIZED_AUTOS = YES_AGGRESSIVE;
				GCC_WARN_UNUSED_FUNCTION = YES;
				GCC_WARN_UNUSED_VARIABLE = YES;
				IPHONEOS_DEPLOYMENT_TARGET = 13.2;
				MTL_ENABLE_DEBUG_INFO = INCLUDE_SOURCE;
				MTL_FAST_MATH = YES;
				ONLY_ACTIVE_ARCH = YES;
				SDKROOT = iphoneos;
				SWIFT_ACTIVE_COMPILATION_CONDITIONS = DEBUG;
				SWIFT_OPTIMIZATION_LEVEL = "-Onone";
			};
			name = Debug;
		};
		D8DD0FFC23BA1D4D0078684A /* Release */ = {
			isa = XCBuildConfiguration;
			buildSettings = {
				ALWAYS_SEARCH_USER_PATHS = NO;
				CLANG_ANALYZER_NONNULL = YES;
				CLANG_ANALYZER_NUMBER_OBJECT_CONVERSION = YES_AGGRESSIVE;
				CLANG_CXX_LANGUAGE_STANDARD = "gnu++14";
				CLANG_CXX_LIBRARY = "libc++";
				CLANG_ENABLE_MODULES = YES;
				CLANG_ENABLE_OBJC_ARC = YES;
				CLANG_ENABLE_OBJC_WEAK = YES;
				CLANG_WARN_BLOCK_CAPTURE_AUTORELEASING = YES;
				CLANG_WARN_BOOL_CONVERSION = YES;
				CLANG_WARN_COMMA = YES;
				CLANG_WARN_CONSTANT_CONVERSION = YES;
				CLANG_WARN_DEPRECATED_OBJC_IMPLEMENTATIONS = YES;
				CLANG_WARN_DIRECT_OBJC_ISA_USAGE = YES_ERROR;
				CLANG_WARN_DOCUMENTATION_COMMENTS = YES;
				CLANG_WARN_EMPTY_BODY = YES;
				CLANG_WARN_ENUM_CONVERSION = YES;
				CLANG_WARN_INFINITE_RECURSION = YES;
				CLANG_WARN_INT_CONVERSION = YES;
				CLANG_WARN_NON_LITERAL_NULL_CONVERSION = YES;
				CLANG_WARN_OBJC_IMPLICIT_RETAIN_SELF = YES;
				CLANG_WARN_OBJC_LITERAL_CONVERSION = YES;
				CLANG_WARN_OBJC_ROOT_CLASS = YES_ERROR;
				CLANG_WARN_RANGE_LOOP_ANALYSIS = YES;
				CLANG_WARN_STRICT_PROTOTYPES = YES;
				CLANG_WARN_SUSPICIOUS_MOVE = YES;
				CLANG_WARN_UNGUARDED_AVAILABILITY = YES_AGGRESSIVE;
				CLANG_WARN_UNREACHABLE_CODE = YES;
				CLANG_WARN__DUPLICATE_METHOD_MATCH = YES;
				COPY_PHASE_STRIP = NO;
				DEBUG_INFORMATION_FORMAT = "dwarf-with-dsym";
				ENABLE_NS_ASSERTIONS = NO;
				ENABLE_STRICT_OBJC_MSGSEND = YES;
				GCC_C_LANGUAGE_STANDARD = gnu11;
				GCC_NO_COMMON_BLOCKS = YES;
				GCC_WARN_64_TO_32_BIT_CONVERSION = YES;
				GCC_WARN_ABOUT_RETURN_TYPE = YES_ERROR;
				GCC_WARN_UNDECLARED_SELECTOR = YES;
				GCC_WARN_UNINITIALIZED_AUTOS = YES_AGGRESSIVE;
				GCC_WARN_UNUSED_FUNCTION = YES;
				GCC_WARN_UNUSED_VARIABLE = YES;
				IPHONEOS_DEPLOYMENT_TARGET = 13.2;
				MTL_ENABLE_DEBUG_INFO = NO;
				MTL_FAST_MATH = YES;
				SDKROOT = iphoneos;
				SWIFT_COMPILATION_MODE = wholemodule;
				SWIFT_OPTIMIZATION_LEVEL = "-O";
				VALIDATE_PRODUCT = YES;
			};
			name = Release;
		};
		D8DD0FFE23BA1D4D0078684A /* Debug */ = {
			isa = XCBuildConfiguration;
			buildSettings = {
				ASSETCATALOG_COMPILER_APPICON_NAME = AppIcon;
				CODE_SIGN_STYLE = Automatic;
				DEVELOPMENT_TEAM = 82F28636X3;
				INFOPLIST_FILE = menu_and_tabbarcontroller/Info.plist;
				LD_RUNPATH_SEARCH_PATHS = (
					"$(inherited)",
					"@executable_path/Frameworks",
				);
				PRODUCT_BUNDLE_IDENTIFIER = "Ben.menu-and-tabbarcontroller";
				PRODUCT_NAME = "$(TARGET_NAME)";
				SWIFT_VERSION = 5.0;
				TARGETED_DEVICE_FAMILY = "1,2";
			};
			name = Debug;
		};
		D8DD0FFF23BA1D4D0078684A /* Release */ = {
			isa = XCBuildConfiguration;
			buildSettings = {
				ASSETCATALOG_COMPILER_APPICON_NAME = AppIcon;
				CODE_SIGN_STYLE = Automatic;
				DEVELOPMENT_TEAM = 82F28636X3;
				INFOPLIST_FILE = menu_and_tabbarcontroller/Info.plist;
				LD_RUNPATH_SEARCH_PATHS = (
					"$(inherited)",
					"@executable_path/Frameworks",
				);
				PRODUCT_BUNDLE_IDENTIFIER = "Ben.menu-and-tabbarcontroller";
				PRODUCT_NAME = "$(TARGET_NAME)";
				SWIFT_VERSION = 5.0;
				TARGETED_DEVICE_FAMILY = "1,2";
			};
			name = Release;
		};
/* End XCBuildConfiguration section */

/* Begin XCConfigurationList section */
		D8DD0FE423BA1D450078684A /* Build configuration list for PBXProject "menu_and_tabbarcontroller" */ = {
			isa = XCConfigurationList;
			buildConfigurations = (
				D8DD0FFB23BA1D4D0078684A /* Debug */,
				D8DD0FFC23BA1D4D0078684A /* Release */,
			);
			defaultConfigurationIsVisible = 0;
			defaultConfigurationName = Release;
		};
		D8DD0FFD23BA1D4D0078684A /* Build configuration list for PBXNativeTarget "menu_and_tabbarcontroller" */ = {
			isa = XCConfigurationList;
			buildConfigurations = (
				D8DD0FFE23BA1D4D0078684A /* Debug */,
				D8DD0FFF23BA1D4D0078684A /* Release */,
			);
			defaultConfigurationIsVisible = 0;
			defaultConfigurationName = Release;
		};
/* End XCConfigurationList section */
	};
	rootObject = D8DD0FE123BA1D450078684A /* Project object */;
}
